// !$*UTF8*$!
{
	archiveVersion = 1;
	classes = {
	};
	objectVersion = 56;
	objects = {

/* Begin PBXBuildFile section */
		419A5E012BDA1BDD002E8819 /* SwiftUI_TodoListApp.swift in Sources */ = {isa = PBXBuildFile; fileRef = 419A5E002BDA1BDD002E8819 /* SwiftUI_TodoListApp.swift */; };
		419A5E032BDA1BDD002E8819 /* ContentView.swift in Sources */ = {isa = PBXBuildFile; fileRef = 419A5E022BDA1BDD002E8819 /* ContentView.swift */; };
		419A5E052BDA1BDE002E8819 /* Assets.xcassets in Resources */ = {isa = PBXBuildFile; fileRef = 419A5E042BDA1BDE002E8819 /* Assets.xcassets */; };
		419A5E092BDA1BDE002E8819 /* Preview Assets.xcassets in Resources */ = {isa = PBXBuildFile; fileRef = 419A5E082BDA1BDE002E8819 /* Preview Assets.xcassets */; };
		419A5E102BDA1BE9002E8819 /* Task.swift in Sources */ = {isa = PBXBuildFile; fileRef = 419A5E0F2BDA1BE9002E8819 /* Task.swift */; };
		419A5E122BDA1C70002E8819 /* AddTodoView.swift in Sources */ = {isa = PBXBuildFile; fileRef = 419A5E112BDA1C70002E8819 /* AddTodoView.swift */; };
		419A5E142BDA37D9002E8819 /* TodoRow.swift in Sources */ = {isa = PBXBuildFile; fileRef = 419A5E132BDA37D9002E8819 /* TodoRow.swift */; };
		419A5E692BDA4B92002E8819 /* WidgetKit.framework in Frameworks */ = {isa = PBXBuildFile; fileRef = 419A5E382BDA4B4D002E8819 /* WidgetKit.framework */; };
		419A5E6A2BDA4B92002E8819 /* SwiftUI.framework in Frameworks */ = {isa = PBXBuildFile; fileRef = 419A5E3A2BDA4B4D002E8819 /* SwiftUI.framework */; };
		419A5E6D2BDA4B92002E8819 /* TodoWidgetBundle.swift in Sources */ = {isa = PBXBuildFile; fileRef = 419A5E6C2BDA4B92002E8819 /* TodoWidgetBundle.swift */; };
		419A5E6F2BDA4B92002E8819 /* TodoWidget.swift in Sources */ = {isa = PBXBuildFile; fileRef = 419A5E6E2BDA4B92002E8819 /* TodoWidget.swift */; };
		419A5E712BDA4B94002E8819 /* Assets.xcassets in Resources */ = {isa = PBXBuildFile; fileRef = 419A5E702BDA4B94002E8819 /* Assets.xcassets */; };
		419A5E752BDA4B94002E8819 /* TodoWidgetExtension.appex in Embed Foundation Extensions */ = {isa = PBXBuildFile; fileRef = 419A5E682BDA4B92002E8819 /* TodoWidgetExtension.appex */; settings = {ATTRIBUTES = (RemoveHeadersOnCopy, ); }; };
		419A5E792BDA4D07002E8819 /* Task.swift in Sources */ = {isa = PBXBuildFile; fileRef = 419A5E0F2BDA1BE9002E8819 /* Task.swift */; };
/* End PBXBuildFile section */

/* Begin PBXContainerItemProxy section */
		419A5E732BDA4B94002E8819 /* PBXContainerItemProxy */ = {
			isa = PBXContainerItemProxy;
			containerPortal = 419A5DF52BDA1BDD002E8819 /* Project object */;
			proxyType = 1;
			remoteGlobalIDString = 419A5E672BDA4B92002E8819;
			remoteInfo = TodoWidgetExtension;
		};
/* End PBXContainerItemProxy section */

/* Begin PBXCopyFilesBuildPhase section */
		419A5E4E2BDA4B4E002E8819 /* Embed Foundation Extensions */ = {
			isa = PBXCopyFilesBuildPhase;
			buildActionMask = 2147483647;
			dstPath = "";
			dstSubfolderSpec = 13;
			files = (
				419A5E752BDA4B94002E8819 /* TodoWidgetExtension.appex in Embed Foundation Extensions */,
			);
			name = "Embed Foundation Extensions";
			runOnlyForDeploymentPostprocessing = 0;
		};
/* End PBXCopyFilesBuildPhase section */

/* Begin PBXFileReference section */
		410630F92BDB37FA007421E3 /* TodoWidgetExtension.entitlements */ = {isa = PBXFileReference; lastKnownFileType = text.plist.entitlements; path = TodoWidgetExtension.entitlements; sourceTree = "<group>"; };
		419A5DFD2BDA1BDD002E8819 /* SwiftUI_TodoList.app */ = {isa = PBXFileReference; explicitFileType = wrapper.application; includeInIndex = 0; path = SwiftUI_TodoList.app; sourceTree = BUILT_PRODUCTS_DIR; };
		419A5E002BDA1BDD002E8819 /* SwiftUI_TodoListApp.swift */ = {isa = PBXFileReference; lastKnownFileType = sourcecode.swift; path = SwiftUI_TodoListApp.swift; sourceTree = "<group>"; };
		419A5E022BDA1BDD002E8819 /* ContentView.swift */ = {isa = PBXFileReference; lastKnownFileType = sourcecode.swift; path = ContentView.swift; sourceTree = "<group>"; };
		419A5E042BDA1BDE002E8819 /* Assets.xcassets */ = {isa = PBXFileReference; lastKnownFileType = folder.assetcatalog; path = Assets.xcassets; sourceTree = "<group>"; };
		419A5E062BDA1BDE002E8819 /* SwiftUI_TodoList.entitlements */ = {isa = PBXFileReference; lastKnownFileType = text.plist.entitlements; path = SwiftUI_TodoList.entitlements; sourceTree = "<group>"; };
		419A5E082BDA1BDE002E8819 /* Preview Assets.xcassets */ = {isa = PBXFileReference; lastKnownFileType = folder.assetcatalog; path = "Preview Assets.xcassets"; sourceTree = "<group>"; };
		419A5E0F2BDA1BE9002E8819 /* Task.swift */ = {isa = PBXFileReference; lastKnownFileType = sourcecode.swift; path = Task.swift; sourceTree = "<group>"; };
		419A5E112BDA1C70002E8819 /* AddTodoView.swift */ = {isa = PBXFileReference; lastKnownFileType = sourcecode.swift; path = AddTodoView.swift; sourceTree = "<group>"; };
		419A5E132BDA37D9002E8819 /* TodoRow.swift */ = {isa = PBXFileReference; lastKnownFileType = sourcecode.swift; path = TodoRow.swift; sourceTree = "<group>"; };
		419A5E382BDA4B4D002E8819 /* WidgetKit.framework */ = {isa = PBXFileReference; lastKnownFileType = wrapper.framework; name = WidgetKit.framework; path = System/Library/Frameworks/WidgetKit.framework; sourceTree = SDKROOT; };
		419A5E3A2BDA4B4D002E8819 /* SwiftUI.framework */ = {isa = PBXFileReference; lastKnownFileType = wrapper.framework; name = SwiftUI.framework; path = System/Library/Frameworks/SwiftUI.framework; sourceTree = SDKROOT; };
		419A5E682BDA4B92002E8819 /* TodoWidgetExtension.appex */ = {isa = PBXFileReference; explicitFileType = "wrapper.app-extension"; includeInIndex = 0; path = TodoWidgetExtension.appex; sourceTree = BUILT_PRODUCTS_DIR; };
		419A5E6C2BDA4B92002E8819 /* TodoWidgetBundle.swift */ = {isa = PBXFileReference; lastKnownFileType = sourcecode.swift; path = TodoWidgetBundle.swift; sourceTree = "<group>"; };
		419A5E6E2BDA4B92002E8819 /* TodoWidget.swift */ = {isa = PBXFileReference; lastKnownFileType = sourcecode.swift; path = TodoWidget.swift; sourceTree = "<group>"; };
		419A5E702BDA4B94002E8819 /* Assets.xcassets */ = {isa = PBXFileReference; lastKnownFileType = folder.assetcatalog; path = Assets.xcassets; sourceTree = "<group>"; };
		419A5E722BDA4B94002E8819 /* Info.plist */ = {isa = PBXFileReference; lastKnownFileType = text.plist.xml; path = Info.plist; sourceTree = "<group>"; };
/* End PBXFileReference section */

/* Begin PBXFrameworksBuildPhase section */
		419A5DFA2BDA1BDD002E8819 /* Frameworks */ = {
			isa = PBXFrameworksBuildPhase;
			buildActionMask = 2147483647;
			files = (
			);
			runOnlyForDeploymentPostprocessing = 0;
		};
		419A5E652BDA4B92002E8819 /* Frameworks */ = {
			isa = PBXFrameworksBuildPhase;
			buildActionMask = 2147483647;
			files = (
				419A5E6A2BDA4B92002E8819 /* SwiftUI.framework in Frameworks */,
				419A5E692BDA4B92002E8819 /* WidgetKit.framework in Frameworks */,
			);
			runOnlyForDeploymentPostprocessing = 0;
		};
/* End PBXFrameworksBuildPhase section */

/* Begin PBXGroup section */
		419A5DF42BDA1BDD002E8819 = {
			isa = PBXGroup;
			children = (
				410630F92BDB37FA007421E3 /* TodoWidgetExtension.entitlements */,
				419A5DFF2BDA1BDD002E8819 /* SwiftUI_TodoList */,
				419A5E6B2BDA4B92002E8819 /* TodoWidget */,
				419A5E372BDA4B4D002E8819 /* Frameworks */,
				419A5DFE2BDA1BDD002E8819 /* Products */,
			);
			sourceTree = "<group>";
		};
		419A5DFE2BDA1BDD002E8819 /* Products */ = {
			isa = PBXGroup;
			children = (
				419A5DFD2BDA1BDD002E8819 /* SwiftUI_TodoList.app */,
				419A5E682BDA4B92002E8819 /* TodoWidgetExtension.appex */,
			);
			name = Products;
			sourceTree = "<group>";
		};
		419A5DFF2BDA1BDD002E8819 /* SwiftUI_TodoList */ = {
			isa = PBXGroup;
			children = (
				419A5E002BDA1BDD002E8819 /* SwiftUI_TodoListApp.swift */,
				419A5E022BDA1BDD002E8819 /* ContentView.swift */,
				419A5E112BDA1C70002E8819 /* AddTodoView.swift */,
				419A5E0F2BDA1BE9002E8819 /* Task.swift */,
				419A5E042BDA1BDE002E8819 /* Assets.xcassets */,
				419A5E062BDA1BDE002E8819 /* SwiftUI_TodoList.entitlements */,
				419A5E072BDA1BDE002E8819 /* Preview Content */,
				419A5E132BDA37D9002E8819 /* TodoRow.swift */,
			);
			path = SwiftUI_TodoList;
			sourceTree = "<group>";
		};
		419A5E072BDA1BDE002E8819 /* Preview Content */ = {
			isa = PBXGroup;
			children = (
				419A5E082BDA1BDE002E8819 /* Preview Assets.xcassets */,
			);
			path = "Preview Content";
			sourceTree = "<group>";
		};
		419A5E372BDA4B4D002E8819 /* Frameworks */ = {
			isa = PBXGroup;
			children = (
				419A5E382BDA4B4D002E8819 /* WidgetKit.framework */,
				419A5E3A2BDA4B4D002E8819 /* SwiftUI.framework */,
			);
			name = Frameworks;
			sourceTree = "<group>";
		};
		419A5E6B2BDA4B92002E8819 /* TodoWidget */ = {
			isa = PBXGroup;
			children = (
				419A5E6C2BDA4B92002E8819 /* TodoWidgetBundle.swift */,
				419A5E6E2BDA4B92002E8819 /* TodoWidget.swift */,
				419A5E702BDA4B94002E8819 /* Assets.xcassets */,
				419A5E722BDA4B94002E8819 /* Info.plist */,
			);
			path = TodoWidget;
			sourceTree = "<group>";
		};
/* End PBXGroup section */

/* Begin PBXNativeTarget section */
		419A5DFC2BDA1BDD002E8819 /* SwiftUI_TodoList */ = {
			isa = PBXNativeTarget;
			buildConfigurationList = 419A5E0C2BDA1BDE002E8819 /* Build configuration list for PBXNativeTarget "SwiftUI_TodoList" */;
			buildPhases = (
				419A5DF92BDA1BDD002E8819 /* Sources */,
				419A5DFA2BDA1BDD002E8819 /* Frameworks */,
				419A5DFB2BDA1BDD002E8819 /* Resources */,
				419A5E4E2BDA4B4E002E8819 /* Embed Foundation Extensions */,
			);
			buildRules = (
			);
			dependencies = (
				419A5E742BDA4B94002E8819 /* PBXTargetDependency */,
			);
			name = SwiftUI_TodoList;
			productName = SwiftUI_TodoList;
			productReference = 419A5DFD2BDA1BDD002E8819 /* SwiftUI_TodoList.app */;
			productType = "com.apple.product-type.application";
		};
		419A5E672BDA4B92002E8819 /* TodoWidgetExtension */ = {
			isa = PBXNativeTarget;
			buildConfigurationList = 419A5E762BDA4B94002E8819 /* Build configuration list for PBXNativeTarget "TodoWidgetExtension" */;
			buildPhases = (
				419A5E642BDA4B92002E8819 /* Sources */,
				419A5E652BDA4B92002E8819 /* Frameworks */,
				419A5E662BDA4B92002E8819 /* Resources */,
			);
			buildRules = (
			);
			dependencies = (
			);
			name = TodoWidgetExtension;
			productName = TodoWidgetExtension;
			productReference = 419A5E682BDA4B92002E8819 /* TodoWidgetExtension.appex */;
			productType = "com.apple.product-type.app-extension";
		};
/* End PBXNativeTarget section */

/* Begin PBXProject section */
		419A5DF52BDA1BDD002E8819 /* Project object */ = {
			isa = PBXProject;
			attributes = {
				BuildIndependentTargetsInParallel = 1;
				LastSwiftUpdateCheck = 1530;
				LastUpgradeCheck = 1530;
				TargetAttributes = {
					419A5DFC2BDA1BDD002E8819 = {
						CreatedOnToolsVersion = 15.3;
					};
					419A5E672BDA4B92002E8819 = {
						CreatedOnToolsVersion = 15.3;
					};
				};
			};
			buildConfigurationList = 419A5DF82BDA1BDD002E8819 /* Build configuration list for PBXProject "SwiftUI_TodoList" */;
			compatibilityVersion = "Xcode 14.0";
			developmentRegion = en;
			hasScannedForEncodings = 0;
			knownRegions = (
				en,
				Base,
			);
			mainGroup = 419A5DF42BDA1BDD002E8819;
			productRefGroup = 419A5DFE2BDA1BDD002E8819 /* Products */;
			projectDirPath = "";
			projectRoot = "";
			targets = (
				419A5DFC2BDA1BDD002E8819 /* SwiftUI_TodoList */,
				419A5E672BDA4B92002E8819 /* TodoWidgetExtension */,
			);
		};
/* End PBXProject section */

/* Begin PBXResourcesBuildPhase section */
		419A5DFB2BDA1BDD002E8819 /* Resources */ = {
			isa = PBXResourcesBuildPhase;
			buildActionMask = 2147483647;
			files = (
				419A5E092BDA1BDE002E8819 /* Preview Assets.xcassets in Resources */,
				419A5E052BDA1BDE002E8819 /* Assets.xcassets in Resources */,
			);
			runOnlyForDeploymentPostprocessing = 0;
		};
		419A5E662BDA4B92002E8819 /* Resources */ = {
			isa = PBXResourcesBuildPhase;
			buildActionMask = 2147483647;
			files = (
				419A5E712BDA4B94002E8819 /* Assets.xcassets in Resources */,
			);
			runOnlyForDeploymentPostprocessing = 0;
		};
/* End PBXResourcesBuildPhase section */

/* Begin PBXSourcesBuildPhase section */
		419A5DF92BDA1BDD002E8819 /* Sources */ = {
			isa = PBXSourcesBuildPhase;
			buildActionMask = 2147483647;
			files = (
				419A5E032BDA1BDD002E8819 /* ContentView.swift in Sources */,
				419A5E102BDA1BE9002E8819 /* Task.swift in Sources */,
				419A5E142BDA37D9002E8819 /* TodoRow.swift in Sources */,
				419A5E122BDA1C70002E8819 /* AddTodoView.swift in Sources */,
				419A5E012BDA1BDD002E8819 /* SwiftUI_TodoListApp.swift in Sources */,
			);
			runOnlyForDeploymentPostprocessing = 0;
		};
		419A5E642BDA4B92002E8819 /* Sources */ = {
			isa = PBXSourcesBuildPhase;
			buildActionMask = 2147483647;
			files = (
				419A5E6D2BDA4B92002E8819 /* TodoWidgetBundle.swift in Sources */,
				419A5E792BDA4D07002E8819 /* Task.swift in Sources */,
				419A5E6F2BDA4B92002E8819 /* TodoWidget.swift in Sources */,
			);
			runOnlyForDeploymentPostprocessing = 0;
		};
/* End PBXSourcesBuildPhase section */

/* Begin PBXTargetDependency section */
		419A5E742BDA4B94002E8819 /* PBXTargetDependency */ = {
			isa = PBXTargetDependency;
			target = 419A5E672BDA4B92002E8819 /* TodoWidgetExtension */;
			targetProxy = 419A5E732BDA4B94002E8819 /* PBXContainerItemProxy */;
		};
/* End PBXTargetDependency section */

/* Begin XCBuildConfiguration section */
		419A5E0A2BDA1BDE002E8819 /* Debug */ = {
			isa = XCBuildConfiguration;
			buildSettings = {
				ALWAYS_SEARCH_USER_PATHS = NO;
				ASSETCATALOG_COMPILER_GENERATE_SWIFT_ASSET_SYMBOL_EXTENSIONS = YES;
				CLANG_ANALYZER_NONNULL = YES;
				CLANG_ANALYZER_NUMBER_OBJECT_CONVERSION = YES_AGGRESSIVE;
				CLANG_CXX_LANGUAGE_STANDARD = "gnu++20";
				CLANG_ENABLE_MODULES = YES;
				CLANG_ENABLE_OBJC_ARC = YES;
				CLANG_ENABLE_OBJC_WEAK = YES;
				CLANG_WARN_BLOCK_CAPTURE_AUTORELEASING = YES;
				CLANG_WARN_BOOL_CONVERSION = YES;
				CLANG_WARN_COMMA = YES;
				CLANG_WARN_CONSTANT_CONVERSION = YES;
				CLANG_WARN_DEPRECATED_OBJC_IMPLEMENTATIONS = YES;
				CLANG_WARN_DIRECT_OBJC_ISA_USAGE = YES_ERROR;
				CLANG_WARN_DOCUMENTATION_COMMENTS = YES;
				CLANG_WARN_EMPTY_BODY = YES;
				CLANG_WARN_ENUM_CONVERSION = YES;
				CLANG_WARN_INFINITE_RECURSION = YES;
				CLANG_WARN_INT_CONVERSION = YES;
				CLANG_WARN_NON_LITERAL_NULL_CONVERSION = YES;
				CLANG_WARN_OBJC_IMPLICIT_RETAIN_SELF = YES;
				CLANG_WARN_OBJC_LITERAL_CONVERSION = YES;
				CLANG_WARN_OBJC_ROOT_CLASS = YES_ERROR;
				CLANG_WARN_QUOTED_INCLUDE_IN_FRAMEWORK_HEADER = YES;
				CLANG_WARN_RANGE_LOOP_ANALYSIS = YES;
				CLANG_WARN_STRICT_PROTOTYPES = YES;
				CLANG_WARN_SUSPICIOUS_MOVE = YES;
				CLANG_WARN_UNGUARDED_AVAILABILITY = YES_AGGRESSIVE;
				CLANG_WARN_UNREACHABLE_CODE = YES;
				CLANG_WARN__DUPLICATE_METHOD_MATCH = YES;
				COPY_PHASE_STRIP = NO;
				DEBUG_INFORMATION_FORMAT = dwarf;
				ENABLE_STRICT_OBJC_MSGSEND = YES;
				ENABLE_TESTABILITY = YES;
				ENABLE_USER_SCRIPT_SANDBOXING = YES;
				GCC_C_LANGUAGE_STANDARD = gnu17;
				GCC_DYNAMIC_NO_PIC = NO;
				GCC_NO_COMMON_BLOCKS = YES;
				GCC_OPTIMIZATION_LEVEL = 0;
				GCC_PREPROCESSOR_DEFINITIONS = (
					"DEBUG=1",
					"$(inherited)",
				);
				GCC_WARN_64_TO_32_BIT_CONVERSION = YES;
				GCC_WARN_ABOUT_RETURN_TYPE = YES_ERROR;
				GCC_WARN_UNDECLARED_SELECTOR = YES;
				GCC_WARN_UNINITIALIZED_AUTOS = YES_AGGRESSIVE;
				GCC_WARN_UNUSED_FUNCTION = YES;
				GCC_WARN_UNUSED_VARIABLE = YES;
				LOCALIZATION_PREFERS_STRING_CATALOGS = YES;
				MTL_ENABLE_DEBUG_INFO = INCLUDE_SOURCE;
				MTL_FAST_MATH = YES;
				ONLY_ACTIVE_ARCH = YES;
				SWIFT_ACTIVE_COMPILATION_CONDITIONS = "DEBUG $(inherited)";
				SWIFT_OPTIMIZATION_LEVEL = "-Onone";
			};
			name = Debug;
		};
		419A5E0B2BDA1BDE002E8819 /* Release */ = {
			isa = XCBuildConfiguration;
			buildSettings = {
				ALWAYS_SEARCH_USER_PATHS = NO;
				ASSETCATALOG_COMPILER_GENERATE_SWIFT_ASSET_SYMBOL_EXTENSIONS = YES;
				CLANG_ANALYZER_NONNULL = YES;
				CLANG_ANALYZER_NUMBER_OBJECT_CONVERSION = YES_AGGRESSIVE;
				CLANG_CXX_LANGUAGE_STANDARD = "gnu++20";
				CLANG_ENABLE_MODULES = YES;
				CLANG_ENABLE_OBJC_ARC = YES;
				CLANG_ENABLE_OBJC_WEAK = YES;
				CLANG_WARN_BLOCK_CAPTURE_AUTORELEASING = YES;
				CLANG_WARN_BOOL_CONVERSION = YES;
				CLANG_WARN_COMMA = YES;
				CLANG_WARN_CONSTANT_CONVERSION = YES;
				CLANG_WARN_DEPRECATED_OBJC_IMPLEMENTATIONS = YES;
				CLANG_WARN_DIRECT_OBJC_ISA_USAGE = YES_ERROR;
				CLANG_WARN_DOCUMENTATION_COMMENTS = YES;
				CLANG_WARN_EMPTY_BODY = YES;
				CLANG_WARN_ENUM_CONVERSION = YES;
				CLANG_WARN_INFINITE_RECURSION = YES;
				CLANG_WARN_INT_CONVERSION = YES;
				CLANG_WARN_NON_LITERAL_NULL_CONVERSION = YES;
				CLANG_WARN_OBJC_IMPLICIT_RETAIN_SELF = YES;
				CLANG_WARN_OBJC_LITERAL_CONVERSION = YES;
				CLANG_WARN_OBJC_ROOT_CLASS = YES_ERROR;
				CLANG_WARN_QUOTED_INCLUDE_IN_FRAMEWORK_HEADER = YES;
				CLANG_WARN_RANGE_LOOP_ANALYSIS = YES;
				CLANG_WARN_STRICT_PROTOTYPES = YES;
				CLANG_WARN_SUSPICIOUS_MOVE = YES;
				CLANG_WARN_UNGUARDED_AVAILABILITY = YES_AGGRESSIVE;
				CLANG_WARN_UNREACHABLE_CODE = YES;
				CLANG_WARN__DUPLICATE_METHOD_MATCH = YES;
				COPY_PHASE_STRIP = NO;
				DEBUG_INFORMATION_FORMAT = "dwarf-with-dsym";
				ENABLE_NS_ASSERTIONS = NO;
				ENABLE_STRICT_OBJC_MSGSEND = YES;
				ENABLE_USER_SCRIPT_SANDBOXING = YES;
				GCC_C_LANGUAGE_STANDARD = gnu17;
				GCC_NO_COMMON_BLOCKS = YES;
				GCC_WARN_64_TO_32_BIT_CONVERSION = YES;
				GCC_WARN_ABOUT_RETURN_TYPE = YES_ERROR;
				GCC_WARN_UNDECLARED_SELECTOR = YES;
				GCC_WARN_UNINITIALIZED_AUTOS = YES_AGGRESSIVE;
				GCC_WARN_UNUSED_FUNCTION = YES;
				GCC_WARN_UNUSED_VARIABLE = YES;
				LOCALIZATION_PREFERS_STRING_CATALOGS = YES;
				MTL_ENABLE_DEBUG_INFO = NO;
				MTL_FAST_MATH = YES;
				SWIFT_COMPILATION_MODE = wholemodule;
			};
			name = Release;
		};
		419A5E0D2BDA1BDE002E8819 /* Debug */ = {
			isa = XCBuildConfiguration;
			buildSettings = {
				ALWAYS_EMBED_SWIFT_STANDARD_LIBRARIES = YES;
				ASSETCATALOG_COMPILER_APPICON_NAME = AppIcon;
				ASSETCATALOG_COMPILER_GLOBAL_ACCENT_COLOR_NAME = AccentColor;
				CODE_SIGN_ENTITLEMENTS = SwiftUI_TodoList/SwiftUI_TodoList.entitlements;
				CODE_SIGN_STYLE = Automatic;
				CURRENT_PROJECT_VERSION = 1;
				DEVELOPMENT_ASSET_PATHS = "\"SwiftUI_TodoList/Preview Content\"";
				DEVELOPMENT_TEAM = 9UU59NTC96;
				ENABLE_HARDENED_RUNTIME = YES;
				ENABLE_PREVIEWS = YES;
				GENERATE_INFOPLIST_FILE = YES;
				"INFOPLIST_KEY_UIApplicationSceneManifest_Generation[sdk=iphoneos*]" = YES;
				"INFOPLIST_KEY_UIApplicationSceneManifest_Generation[sdk=iphonesimulator*]" = YES;
				"INFOPLIST_KEY_UIApplicationSupportsIndirectInputEvents[sdk=iphoneos*]" = YES;
				"INFOPLIST_KEY_UIApplicationSupportsIndirectInputEvents[sdk=iphonesimulator*]" = YES;
				"INFOPLIST_KEY_UILaunchScreen_Generation[sdk=iphoneos*]" = YES;
				"INFOPLIST_KEY_UILaunchScreen_Generation[sdk=iphonesimulator*]" = YES;
				"INFOPLIST_KEY_UIStatusBarStyle[sdk=iphoneos*]" = UIStatusBarStyleDefault;
				"INFOPLIST_KEY_UIStatusBarStyle[sdk=iphonesimulator*]" = UIStatusBarStyleDefault;
				INFOPLIST_KEY_UISupportedInterfaceOrientations_iPad = "UIInterfaceOrientationPortrait UIInterfaceOrientationPortraitUpsideDown UIInterfaceOrientationLandscapeLeft UIInterfaceOrientationLandscapeRight";
				INFOPLIST_KEY_UISupportedInterfaceOrientations_iPhone = "UIInterfaceOrientationPortrait UIInterfaceOrientationLandscapeLeft UIInterfaceOrientationLandscapeRight";
				IPHONEOS_DEPLOYMENT_TARGET = 17.4;
				LD_RUNPATH_SEARCH_PATHS = "@executable_path/Frameworks";
				"LD_RUNPATH_SEARCH_PATHS[sdk=macosx*]" = "@executable_path/../Frameworks";
				MACOSX_DEPLOYMENT_TARGET = 14.4;
				MARKETING_VERSION = 1.0;
				PRODUCT_BUNDLE_IDENTIFIER = "com.chung.SwiftUI-TodoList";
				PRODUCT_NAME = "$(TARGET_NAME)";
				SDKROOT = auto;
				SUPPORTED_PLATFORMS = "iphoneos iphonesimulator macosx";
				SWIFT_EMIT_LOC_STRINGS = YES;
				SWIFT_VERSION = 5.0;
				TARGETED_DEVICE_FAMILY = "1,2";
			};
			name = Debug;
		};
		419A5E0E2BDA1BDE002E8819 /* Release */ = {
			isa = XCBuildConfiguration;
			buildSettings = {
				ALWAYS_EMBED_SWIFT_STANDARD_LIBRARIES = YES;
				ASSETCATALOG_COMPILER_APPICON_NAME = AppIcon;
				ASSETCATALOG_COMPILER_GLOBAL_ACCENT_COLOR_NAME = AccentColor;
				CODE_SIGN_ENTITLEMENTS = SwiftUI_TodoList/SwiftUI_TodoList.entitlements;
				CODE_SIGN_STYLE = Automatic;
				CURRENT_PROJECT_VERSION = 1;
				DEVELOPMENT_ASSET_PATHS = "\"SwiftUI_TodoList/Preview Content\"";
				DEVELOPMENT_TEAM = 9UU59NTC96;
				ENABLE_HARDENED_RUNTIME = YES;
				ENABLE_PREVIEWS = YES;
				GENERATE_INFOPLIST_FILE = YES;
				"INFOPLIST_KEY_UIApplicationSceneManifest_Generation[sdk=iphoneos*]" = YES;
				"INFOPLIST_KEY_UIApplicationSceneManifest_Generation[sdk=iphonesimulator*]" = YES;
				"INFOPLIST_KEY_UIApplicationSupportsIndirectInputEvents[sdk=iphoneos*]" = YES;
				"INFOPLIST_KEY_UIApplicationSupportsIndirectInputEvents[sdk=iphonesimulator*]" = YES;
				"INFOPLIST_KEY_UILaunchScreen_Generation[sdk=iphoneos*]" = YES;
				"INFOPLIST_KEY_UILaunchScreen_Generation[sdk=iphonesimulator*]" = YES;
				"INFOPLIST_KEY_UIStatusBarStyle[sdk=iphoneos*]" = UIStatusBarStyleDefault;
				"INFOPLIST_KEY_UIStatusBarStyle[sdk=iphonesimulator*]" = UIStatusBarStyleDefault;
				INFOPLIST_KEY_UISupportedInterfaceOrientations_iPad = "UIInterfaceOrientationPortrait UIInterfaceOrientationPortraitUpsideDown UIInterfaceOrientationLandscapeLeft UIInterfaceOrientationLandscapeRight";
				INFOPLIST_KEY_UISupportedInterfaceOrientations_iPhone = "UIInterfaceOrientationPortrait UIInterfaceOrientationLandscapeLeft UIInterfaceOrientationLandscapeRight";
				IPHONEOS_DEPLOYMENT_TARGET = 17.4;
				LD_RUNPATH_SEARCH_PATHS = "@executable_path/Frameworks";
				"LD_RUNPATH_SEARCH_PATHS[sdk=macosx*]" = "@executable_path/../Frameworks";
				MACOSX_DEPLOYMENT_TARGET = 14.4;
				MARKETING_VERSION = 1.0;
				PRODUCT_BUNDLE_IDENTIFIER = "com.chung.SwiftUI-TodoList";
				PRODUCT_NAME = "$(TARGET_NAME)";
				SDKROOT = auto;
				SUPPORTED_PLATFORMS = "iphoneos iphonesimulator macosx";
				SWIFT_EMIT_LOC_STRINGS = YES;
				SWIFT_VERSION = 5.0;
				TARGETED_DEVICE_FAMILY = "1,2";
			};
			name = Release;
		};
		419A5E772BDA4B94002E8819 /* Debug */ = {
			isa = XCBuildConfiguration;
			buildSettings = {
				ASSETCATALOG_COMPILER_GLOBAL_ACCENT_COLOR_NAME = AccentColor;
				ASSETCATALOG_COMPILER_WIDGET_BACKGROUND_COLOR_NAME = WidgetBackground;
				CODE_SIGN_ENTITLEMENTS = TodoWidgetExtension.entitlements;
				CODE_SIGN_STYLE = Automatic;
				CURRENT_PROJECT_VERSION = 1;
				DEVELOPMENT_TEAM = 9UU59NTC96;
				GENERATE_INFOPLIST_FILE = YES;
				INFOPLIST_FILE = TodoWidget/Info.plist;
				INFOPLIST_KEY_CFBundleDisplayName = TodoWidget;
				INFOPLIST_KEY_NSHumanReadableCopyright = "";
				IPHONEOS_DEPLOYMENT_TARGET = 17.4;
				LD_RUNPATH_SEARCH_PATHS = (
					"$(inherited)",
					"@executable_path/Frameworks",
					"@executable_path/../../Frameworks",
				);
				MARKETING_VERSION = 1.0;
				PRODUCT_BUNDLE_IDENTIFIER = "com.chung.SwiftUI-TodoList.TodoWidget";
				PRODUCT_NAME = "$(TARGET_NAME)";
				SDKROOT = iphoneos;
				SKIP_INSTALL = YES;
				SWIFT_EMIT_LOC_STRINGS = YES;
				SWIFT_VERSION = 5.0;
				TARGETED_DEVICE_FAMILY = "1,2";
			};
			name = Debug;
		};
		419A5E782BDA4B94002E8819 /* Release */ = {
			isa = XCBuildConfiguration;
			buildSettings = {
				ASSETCATALOG_COMPILER_GLOBAL_ACCENT_COLOR_NAME = AccentColor;
				ASSETCATALOG_COMPILER_WIDGET_BACKGROUND_COLOR_NAME = WidgetBackground;
				CODE_SIGN_ENTITLEMENTS = TodoWidgetExtension.entitlements;
				CODE_SIGN_STYLE = Automatic;
				CURRENT_PROJECT_VERSION = 1;
				DEVELOPMENT_TEAM = 9UU59NTC96;
				GENERATE_INFOPLIST_FILE = YES;
				INFOPLIST_FILE = TodoWidget/Info.plist;
				INFOPLIST_KEY_CFBundleDisplayName = TodoWidget;
				INFOPLIST_KEY_NSHumanReadableCopyright = "";
				IPHONEOS_DEPLOYMENT_TARGET = 17.4;
				LD_RUNPATH_SEARCH_PATHS = (
					"$(inherited)",
					"@executable_path/Frameworks",
					"@executable_path/../../Frameworks",
				);
				MARKETING_VERSION = 1.0;
				PRODUCT_BUNDLE_IDENTIFIER = "com.chung.SwiftUI-TodoList.TodoWidget";
				PRODUCT_NAME = "$(TARGET_NAME)";
				SDKROOT = iphoneos;
				SKIP_INSTALL = YES;
				SWIFT_EMIT_LOC_STRINGS = YES;
				SWIFT_VERSION = 5.0;
				TARGETED_DEVICE_FAMILY = "1,2";
				VALIDATE_PRODUCT = YES;
			};
			name = Release;
		};
/* End XCBuildConfiguration section */

/* Begin XCConfigurationList section */
		419A5DF82BDA1BDD002E8819 /* Build configuration list for PBXProject "SwiftUI_TodoList" */ = {
			isa = XCConfigurationList;
			buildConfigurations = (
				419A5E0A2BDA1BDE002E8819 /* Debug */,
				419A5E0B2BDA1BDE002E8819 /* Release */,
			);
			defaultConfigurationIsVisible = 0;
			defaultConfigurationName = Release;
		};
		419A5E0C2BDA1BDE002E8819 /* Build configuration list for PBXNativeTarget "SwiftUI_TodoList" */ = {
			isa = XCConfigurationList;
			buildConfigurations = (
				419A5E0D2BDA1BDE002E8819 /* Debug */,
				419A5E0E2BDA1BDE002E8819 /* Release */,
			);
			defaultConfigurationIsVisible = 0;
			defaultConfigurationName = Release;
		};
		419A5E762BDA4B94002E8819 /* Build configuration list for PBXNativeTarget "TodoWidgetExtension" */ = {
			isa = XCConfigurationList;
			buildConfigurations = (
				419A5E772BDA4B94002E8819 /* Debug */,
				419A5E782BDA4B94002E8819 /* Release */,
			);
			defaultConfigurationIsVisible = 0;
			defaultConfigurationName = Release;
		};
/* End XCConfigurationList section */
	};
	rootObject = 419A5DF52BDA1BDD002E8819 /* Project object */;
}
